PODS:
  - IQKeyboardManagerSwift (7.0.1)
  - Kingfisher (7.10.2)
  - ProgressHUD (2.51)

DEPENDENCIES:
  - IQKeyboardManagerSwift
  - Kingfisher
  - ProgressHUD (from `https://github.com/relatedcode/ProgressHUD.git`, commit `83c3801e9aa69be157a47c40cdd8702bfaf29213`)

SPEC REPOS:
  trunk:
    - IQKeyboardManagerSwift
    - Kingfisher

EXTERNAL SOURCES:
  ProgressHUD:
    :commit: 83c3801e9aa69be157a47c40cdd8702bfaf29213
    :git: https://github.com/relatedcode/ProgressHUD.git

CHECKOUT OPTIONS:
  ProgressHUD:
    :commit: 83c3801e9aa69be157a47c40cdd8702bfaf29213
    :git: https://github.com/relatedcode/ProgressHUD.git

SPEC CHECKSUMS:
  IQKeyboardManagerSwift: 7f6b1b1d1497855d2beea7f2f10ffcc6978525b1
  Kingfisher: 99edc495d3b7607e6425f0d6f6847b2abd6d716d
  ProgressHUD: 54b4c2fa202bf3da7dddc1c698ae4e6376333bd9

PODFILE CHECKSUM: 450223c2a2752f8267bcbbca2fd302da57b25755

COCOAPODS: 1.15.0
